
Microsoft Visual Studio Solution File, Format Version 12.00
# Visual Studio Version 16
VisualStudioVersion = 16.0.29806.167
MinimumVisualStudioVersion = 10.0.40219.1
Project("{FAE04EC0-301F-11D3-BF4B-00C04F79EFBC}") = "ToDoList.Android", "ToDoList.Android\ToDoList.Android.csproj", "{038F6472-F90A-41B0-A43E-A5DE58F713CB}"
EndProject
Project("{FAE04EC0-301F-11D3-BF4B-00C04F79EFBC}") = "ToDoList.iOS", "ToDoList.iOS\ToDoList.iOS.csproj", "{CA957CC4-B76A-468D-957C-862A0061AECA}"
EndProject
Project("{9A19103F-16F7-4668-BE54-9A1E7A4F7556}") = "ToDoList", "ToDoList\ToDoList.csproj", "{D769E805-1370-4908-B6EC-5DEBA17BB480}"
EndProject
Global
	GlobalSection(SolutionConfigurationPlatforms) = preSolution
		Debug|Any CPU = Debug|Any CPU
		Debug|iPhone = Debug|iPhone
		Debug|iPhoneSimulator = Debug|iPhoneSimulator
		Release|Any CPU = Release|Any CPU
		Release|iPhone = Release|iPhone
		Release|iPhoneSimulator = Release|iPhoneSimulator
	EndGlobalSection
	GlobalSection(ProjectConfigurationPlatforms) = postSolution
		{038F6472-F90A-41B0-A43E-A5DE58F713CB}.Debug|Any CPU.ActiveCfg = Debug|Any CPU
		{038F6472-F90A-41B0-A43E-A5DE58F713CB}.Debug|Any CPU.Build.0 = Debug|Any CPU
		{038F6472-F90A-41B0-A43E-A5DE58F713CB}.Debug|Any CPU.Deploy.0 = Debug|Any CPU
		{038F6472-F90A-41B0-A43E-A5DE58F713CB}.Debug|iPhone.ActiveCfg = Debug|Any CPU
		{038F6472-F90A-41B0-A43E-A5DE58F713CB}.Debug|iPhone.Build.0 = Debug|Any CPU
		{038F6472-F90A-41B0-A43E-A5DE58F713CB}.Debug|iPhone.Deploy.0 = Debug|Any CPU
		{038F6472-F90A-41B0-A43E-A5DE58F713CB}.Debug|iPhoneSimulator.ActiveCfg = Debug|Any CPU
		{038F6472-F90A-41B0-A43E-A5DE58F713CB}.Debug|iPhoneSimulator.Build.0 = Debug|Any CPU
		{038F6472-F90A-41B0-A43E-A5DE58F713CB}.Debug|iPhoneSimulator.Deploy.0 = Debug|Any CPU
		{038F6472-F90A-41B0-A43E-A5DE58F713CB}.Release|Any CPU.ActiveCfg = Release|Any CPU
		{038F6472-F90A-41B0-A43E-A5DE58F713CB}.Release|Any CPU.Build.0 = Release|Any CPU
		{038F6472-F90A-41B0-A43E-A5DE58F713CB}.Release|Any CPU.Deploy.0 = Release|Any CPU
		{038F6472-F90A-41B0-A43E-A5DE58F713CB}.Release|iPhone.ActiveCfg = Release|Any CPU
		{038F6472-F90A-41B0-A43E-A5DE58F713CB}.Release|iPhone.Build.0 = Release|Any CPU
		{038F6472-F90A-41B0-A43E-A5DE58F713CB}.Release|iPhone.Deploy.0 = Release|Any CPU
		{038F6472-F90A-41B0-A43E-A5DE58F713CB}.Release|iPhoneSimulator.ActiveCfg = Release|Any CPU
		{038F6472-F90A-41B0-A43E-A5DE58F713CB}.Release|iPhoneSimulator.Build.0 = Release|Any CPU
		{038F6472-F90A-41B0-A43E-A5DE58F713CB}.Release|iPhoneSimulator.Deploy.0 = Release|Any CPU
		{CA957CC4-B76A-468D-957C-862A0061AECA}.Debug|Any CPU.ActiveCfg = Debug|iPhoneSimulator
		{CA957CC4-B76A-468D-957C-862A0061AECA}.Debug|Any CPU.Build.0 = Debug|iPhoneSimulator
		{CA957CC4-B76A-468D-957C-862A0061AECA}.Debug|Any CPU.Deploy.0 = Debug|iPhoneSimulator
		{CA957CC4-B76A-468D-957C-862A0061AECA}.Debug|iPhone.ActiveCfg = Debug|iPhone
		{CA957CC4-B76A-468D-957C-862A0061AECA}.Debug|iPhone.Build.0 = Debug|iPhone
		{CA957CC4-B76A-468D-957C-862A0061AECA}.Debug|iPhone.Deploy.0 = Debug|iPhone
		{CA957CC4-B76A-468D-957C-862A0061AECA}.Debug|iPhoneSimulator.ActiveCfg = Debug|iPhoneSimulator
		{CA957CC4-B76A-468D-957C-862A0061AECA}.Debug|iPhoneSimulator.Build.0 = Debug|iPhoneSimulator
		{CA957CC4-B76A-468D-957C-862A0061AECA}.Debug|iPhoneSimulator.Deploy.0 = Debug|iPhoneSimulator
		{CA957CC4-B76A-468D-957C-862A0061AECA}.Release|Any CPU.ActiveCfg = Release|iPhone
		{CA957CC4-B76A-468D-957C-862A0061AECA}.Release|Any CPU.Build.0 = Release|iPhone
		{CA957CC4-B76A-468D-957C-862A0061AECA}.Release|Any CPU.Deploy.0 = Release|iPhone
		{CA957CC4-B76A-468D-957C-862A0061AECA}.Release|iPhone.ActiveCfg = Release|iPhone
		{CA957CC4-B76A-468D-957C-862A0061AECA}.Release|iPhone.Build.0 = Release|iPhone
		{CA957CC4-B76A-468D-957C-862A0061AECA}.Release|iPhone.Deploy.0 = Release|iPhone
		{CA957CC4-B76A-468D-957C-862A0061AECA}.Release|iPhoneSimulator.ActiveCfg = Release|iPhoneSimulator
		{CA957CC4-B76A-468D-957C-862A0061AECA}.Release|iPhoneSimulator.Build.0 = Release|iPhoneSimulator
		{CA957CC4-B76A-468D-957C-862A0061AECA}.Release|iPhoneSimulator.Deploy.0 = Release|iPhoneSimulator
		{D769E805-1370-4908-B6EC-5DEBA17BB480}.Debug|Any CPU.ActiveCfg = Debug|Any CPU
		{D769E805-1370-4908-B6EC-5DEBA17BB480}.Debug|Any CPU.Build.0 = Debug|Any CPU
		{D769E805-1370-4908-B6EC-5DEBA17BB480}.Debug|Any CPU.Deploy.0 = Debug|Any CPU
		{D769E805-1370-4908-B6EC-5DEBA17BB480}.Debug|iPhone.ActiveCfg = Debug|Any CPU
		{D769E805-1370-4908-B6EC-5DEBA17BB480}.Debug|iPhone.Build.0 = Debug|Any CPU
		{D769E805-1370-4908-B6EC-5DEBA17BB480}.Debug|iPhone.Deploy.0 = Debug|Any CPU
		{D769E805-1370-4908-B6EC-5DEBA17BB480}.Debug|iPhoneSimulator.ActiveCfg = Debug|Any CPU
		{D769E805-1370-4908-B6EC-5DEBA17BB480}.Debug|iPhoneSimulator.Build.0 = Debug|Any CPU
		{D769E805-1370-4908-B6EC-5DEBA17BB480}.Debug|iPhoneSimulator.Deploy.0 = Debug|Any CPU
		{D769E805-1370-4908-B6EC-5DEBA17BB480}.Release|Any CPU.ActiveCfg = Release|Any CPU
		{D769E805-1370-4908-B6EC-5DEBA17BB480}.Release|Any CPU.Build.0 = Release|Any CPU
		{D769E805-1370-4908-B6EC-5DEBA17BB480}.Release|Any CPU.Deploy.0 = Release|Any CPU
		{D769E805-1370-4908-B6EC-5DEBA17BB480}.Release|iPhone.ActiveCfg = Release|Any CPU
		{D769E805-1370-4908-B6EC-5DEBA17BB480}.Release|iPhone.Build.0 = Release|Any CPU
		{D769E805-1370-4908-B6EC-5DEBA17BB480}.Release|iPhone.Deploy.0 = Release|Any CPU
		{D769E805-1370-4908-B6EC-5DEBA17BB480}.Release|iPhoneSimulator.ActiveCfg = Release|Any CPU
		{D769E805-1370-4908-B6EC-5DEBA17BB480}.Release|iPhoneSimulator.Build.0 = Release|Any CPU
		{D769E805-1370-4908-B6EC-5DEBA17BB480}.Release|iPhoneSimulator.Deploy.0 = Release|Any CPU
	EndGlobalSection
	GlobalSection(SolutionProperties) = preSolution
		HideSolutionNode = FALSE
	EndGlobalSection
	GlobalSection(ExtensibilityGlobals) = postSolution
		SolutionGuid = {E18D5F01-D012-4189-8BAF-35962361C8C2}
	EndGlobalSection
EndGlobal
